
Microsoft Visual Studio Solution File, Format Version 12.00
# Visual Studio Version 16
VisualStudioVersion = 16.0.30503.244
MinimumVisualStudioVersion = 10.0.40219.1
Project("{FAE04EC0-301F-11D3-BF4B-00C04F79EFBC}") = "LabaSCOI_1", "LabaSCOI_1\LabaSCOI_1.csproj", "{89C6BB5F-4A02-4E98-9089-075856F4B8E8}"
EndProject
Global
	GlobalSection(SolutionConfigurationPlatforms) = preSolution
		Debug|Any CPU = Debug|Any CPU
		Release|Any CPU = Release|Any CPU
	EndGlobalSection
	GlobalSection(ProjectConfigurationPlatforms) = postSolution
		{89C6BB5F-4A02-4E98-9089-075856F4B8E8}.Debug|Any CPU.ActiveCfg = Debug|Any CPU
		{89C6BB5F-4A02-4E98-9089-075856F4B8E8}.Debug|Any CPU.Build.0 = Debug|Any CPU
		{89C6BB5F-4A02-4E98-9089-075856F4B8E8}.Release|Any CPU.ActiveCfg = Release|Any CPU
		{89C6BB5F-4A02-4E98-9089-075856F4B8E8}.Release|Any CPU.Build.0 = Release|Any CPU
	EndGlobalSection
	GlobalSection(SolutionProperties) = preSolution
		HideSolutionNode = FALSE
	EndGlobalSection
	GlobalSection(ExtensibilityGlobals) = postSolution
		SolutionGuid = {900B29B9-D56E-4647-B717-3AFD9F0343B9}
	EndGlobalSection
EndGlobal
